
Microsoft Visual Studio Solution File, Format Version 12.00
# Visual Studio Version 17
VisualStudioVersion = 17.9.34723.18
MinimumVisualStudioVersion = 10.0.40219.1
Project("{FAE04EC0-301F-11D3-BF4B-00C04F79EFBC}") = "CreateMethod", "CreateMethod.csproj", "{531BB32A-84D1-4489-9FD9-D1FECED0FE7B}"
EndProject
Global
	GlobalSection(SolutionConfigurationPlatforms) = preSolution
		Debug|Any CPU = Debug|Any CPU
		Release|Any CPU = Release|Any CPU
	EndGlobalSection
	GlobalSection(ProjectConfigurationPlatforms) = postSolution
		{531BB32A-84D1-4489-9FD9-D1FECED0FE7B}.Debug|Any CPU.ActiveCfg = Debug|Any CPU
		{531BB32A-84D1-4489-9FD9-D1FECED0FE7B}.Debug|Any CPU.Build.0 = Debug|Any CPU
		{531BB32A-84D1-4489-9FD9-D1FECED0FE7B}.Release|Any CPU.ActiveCfg = Release|Any CPU
		{531BB32A-84D1-4489-9FD9-D1FECED0FE7B}.Release|Any CPU.Build.0 = Release|Any CPU
	EndGlobalSection
	GlobalSection(SolutionProperties) = preSolution
		HideSolutionNode = FALSE
	EndGlobalSection
	GlobalSection(ExtensibilityGlobals) = postSolution
		SolutionGuid = {75CD5DE2-307E-4BC2-9A99-4E49E7355BAB}
	EndGlobalSection
EndGlobal
